
Microsoft Visual Studio Solution File, Format Version 12.00
# Visual Studio Version 17
VisualStudioVersion = 17.14.36310.24 d17.14
MinimumVisualStudioVersion = 10.0.40219.1
Project("{FAE04EC0-301F-11D3-BF4B-00C04F79EFBC}") = "CRUZ_OOP_CPE201", "CRUZ_OOP_CPE201\CRUZ_OOP_CPE201.csproj", "{5041F24A-68B3-4834-9879-78795A635FDE}"
EndProject
Global
	GlobalSection(SolutionConfigurationPlatforms) = preSolution
		Debug|Any CPU = Debug|Any CPU
		Release|Any CPU = Release|Any CPU
	EndGlobalSection
	GlobalSection(ProjectConfigurationPlatforms) = postSolution
		{5041F24A-68B3-4834-9879-78795A635FDE}.Debug|Any CPU.ActiveCfg = Debug|Any CPU
		{5041F24A-68B3-4834-9879-78795A635FDE}.Debug|Any CPU.Build.0 = Debug|Any CPU
		{5041F24A-68B3-4834-9879-78795A635FDE}.Release|Any CPU.ActiveCfg = Release|Any CPU
		{5041F24A-68B3-4834-9879-78795A635FDE}.Release|Any CPU.Build.0 = Release|Any CPU
	EndGlobalSection
	GlobalSection(SolutionProperties) = preSolution
		HideSolutionNode = FALSE
	EndGlobalSection
	GlobalSection(ExtensibilityGlobals) = postSolution
		SolutionGuid = {F8A49E40-8257-40E8-A331-CA37678B372D}
	EndGlobalSection
EndGlobal
